# Exact conda-forge build environment for scripts/bootstrap_rootless_qemu.sh.
# Generated with micromamba 2.3.3 `list --explicit --sha256` on x86_64 Linux.
@EXPLICIT
https://conda.anaconda.org/conda-forge/linux-64/_openmp_mutex-4.5-20_gnu.conda#1dd3fffd892081df9726d7eb7e0dea6198962ba775bd88842135a4ddb4deb3c9
https://conda.anaconda.org/conda-forge/linux-64/binutils-2.46.1-default_h4852527_102.conda#659c367ef49df7741749a2ad240b007d7df51b4f210505a78543deafb001e44c
https://conda.anaconda.org/conda-forge/linux-64/binutils_impl_linux-64-2.46.1-default_hfdba357_102.conda#fb7bf36984a37ce7e4714d1d1da0bd0e3bfc679520f5cdc184afc676fd4b5da2
https://conda.anaconda.org/conda-forge/linux-64/binutils_linux-64-2.46.1-default_h4852527_102.conda#08d7238663fc408ba2ab60b02fa3d06a7ca9d872962e03e90c7e0fdecb7ed1d0
https://conda.anaconda.org/conda-forge/linux-64/bzip2-1.0.8-hda65f42_10.conda#1a0d382c515ebf55f8ee1f38c8b81bc95af5c2acc42ad53b66bc5df932032f96
https://conda.anaconda.org/conda-forge/linux-64/c-compiler-1.11.0-h4d9bdce_0.conda#8e7a40f16400d7839c82581410aa05c1f8324a693c9d50079f8c50dc9fb241f0
https://conda.anaconda.org/conda-forge/noarch/ca-certificates-2026.7.22-hbd8a1cb_0.conda#0a0544cf95f64394fe4959286f5c71f5444ad58feb0602e53becb27448d24da6
https://conda.anaconda.org/conda-forge/linux-64/conda-gcc-specs-14.4.0-h611768e_1.conda#81327f9b1db24d4d6d2326a6dc21a799a427d0fd8b3a949881a939b3ce44cfc8
https://conda.anaconda.org/conda-forge/linux-64/cxx-compiler-1.11.0-hfcd1e18_0.conda#3fcc97ae3e89c150401a50a4de58794ffc67b1ed0e1851468fcc376980201e25
https://conda.anaconda.org/conda-forge/linux-64/gcc-14.4.0-hc6a0c74_1.conda#e8bedab429b82df70562525aeaaab9c256a8713aecd4fab696310807e10a7460
https://conda.anaconda.org/conda-forge/linux-64/gcc_impl_linux-64-14.4.0-h9711763_1.conda#7945f55ef3cbd81132dd42258295c906ef5b8df20936f6d0b9bdaa741a0e03c7
https://conda.anaconda.org/conda-forge/linux-64/gcc_linux-64-14.4.0-hc469d41_0.conda#f529b3afdb6ed570618387d363c79cf5f1b2e638e76a5fa11b93e64b6b6d6d06
https://conda.anaconda.org/conda-forge/linux-64/glib-2.88.3-h042de97_1.conda#a0122218af9c4bc4d92e43781d0b51c2a073f2c218cb8476ff663d8232d8b4fd
https://conda.anaconda.org/conda-forge/linux-64/glib-tools-2.88.3-h4916ab3_1.conda#ffa59cd7b517ed0a5905cc83643d08117f073502b0bdb1cab1835805ecc8da4e
https://conda.anaconda.org/conda-forge/linux-64/gxx-14.4.0-hd47ba16_1.conda#defd5e344fd893fa35624777d547d6444cb25072a60f3ec43e4c114af6182156
https://conda.anaconda.org/conda-forge/linux-64/gxx_impl_linux-64-14.4.0-hc436dd5_1.conda#7531870fff6193e6501c11e777772836f2c654c3bc663eee1c58336695ef0e1d
https://conda.anaconda.org/conda-forge/linux-64/gxx_linux-64-14.4.0-h82679ac_0.conda#531b55ef516bd6e81c009a70036400b1b9ba2db6a35540c979b90f72e7187395
https://conda.anaconda.org/conda-forge/linux-64/icu-78.3-py310h44b86e0_2.conda#9f07834f0c546ab14d885ce0366285f61f44e326c0edd1fc63b8294e113ae432
https://conda.anaconda.org/conda-forge/noarch/kernel-headers_linux-64-4.18.0-he073ed8_9.conda#41557eeadf641de6aeae49486cef30d02a6912d8da98585d687894afd65b356a
https://conda.anaconda.org/conda-forge/linux-64/ld_impl_linux-64-2.46.1-default_hbd61a6d_102.conda#27d83f1188cd19bcb7754a078b3fa7f4cfb8527f8eb2fde54dd01fc529d1adec
https://conda.anaconda.org/conda-forge/linux-64/libexpat-2.8.1-hecca717_1.conda#16feffd9ddbbe5b718515d38ee376c685ba95491cd901244e24671d20b952a77
https://conda.anaconda.org/conda-forge/linux-64/libffi-3.7.0-h3435931_0.conda#ac38603008bf1e99b8ed379b1a656a67a70e2841f2b6a069c630cdf6316012d2
https://conda.anaconda.org/conda-forge/linux-64/libgcc-16.1.0-ha9f2e26_1.conda#d5cb8475131c31680f8fd30512c418f373064e272e452063276a8fb14c9fa42f
https://conda.anaconda.org/conda-forge/noarch/libgcc-devel_linux-64-14.4.0-hd9a9cd0_101.conda#dd2fd8417476a4086dc5a5ac64a884cf953c7799ac329ddea9da36f056008110
https://conda.anaconda.org/conda-forge/linux-64/libgcc-ng-16.1.0-h69a702a_1.conda#225275c562337a1cd61705da0ee4235dde7bba7504de1c34b74c894adb2b0eee
https://conda.anaconda.org/conda-forge/linux-64/libglib-2.88.3-h45c3219_1.conda#4499458124bcf0bd45e8bd17576f9f007cb1373cb3b01659105443f522bab45c
https://conda.anaconda.org/conda-forge/linux-64/libgomp-16.1.0-he0feb66_1.conda#62cb599ad0539d99386515326d9d5e8f51f75a60c69c2131b21df76edf35bd89
https://conda.anaconda.org/conda-forge/linux-64/libiconv-1.18-h3b78370_2.conda#c467851a7312765447155e071752d7bf9bf44d610a5687e32706f480aad2833f
https://conda.anaconda.org/conda-forge/linux-64/liblzma-5.8.3-hb03c661_1.conda#9787df8c22a59c9a70d3e5a10db9ad663485e75e9ccc3f09bd092cb7b95e0dab
https://conda.anaconda.org/conda-forge/linux-64/libmpdec-4.0.0-hb03c661_1.conda#fe171ed5cf5959993d43ff72de7596e8ac2853e9021dec0344e583734f1e0843
https://conda.anaconda.org/conda-forge/linux-64/libsanitizer-14.4.0-hf39dbba_1.conda#8e58b5e35c2d75d4f6a01d5650c5d672b8a96608a59af3a261050ccefe33702b
https://conda.anaconda.org/conda-forge/linux-64/libslirp-4.4.0-he9734e3_2.conda#c61cc7e0625c0d6a4e023d3e001e2f215b9426d3446615266b946f400e0d90a9
https://conda.anaconda.org/conda-forge/linux-64/libsqlite-3.53.4-hf4e2dac_0.conda#72023efc207fe681e26b65fc9d668062cf0b4f0eacf3431e6eb099b95c1f2efd
https://conda.anaconda.org/conda-forge/linux-64/libstdcxx-16.1.0-h934c35e_1.conda#79721dd08aeb0ab9e773f1f9ef41cf4e6c17477e3d72319147619045bce05a09
https://conda.anaconda.org/conda-forge/noarch/libstdcxx-devel_linux-64-14.4.0-ha5b54cb_101.conda#726c006d8f078a68b15d715b64e8c72a4b10907fa1a812dfcaef9ed888c03480
https://conda.anaconda.org/conda-forge/linux-64/libstdcxx-ng-16.1.0-hdf11a46_1.conda#2876ca4463d1b394eb969ce4a84d1620aa63fb8202a6397837d1e45ec76c1208
https://conda.anaconda.org/conda-forge/linux-64/libuuid-2.42.2-h5347b49_0.conda#9b1bdce27a7e31f7d241aeecff67a1f3101d52a2b1e33ccc2cdf2613072bf81f
https://conda.anaconda.org/conda-forge/linux-64/libzlib-1.3.2-h25fd6f3_3.conda#eb8a0db0aa570124f7d2a93d7c7f596e3390df5e047818d873baad32985fc736
https://conda.anaconda.org/conda-forge/linux-64/make-4.4.1-hb03c661_3.conda#4c65d2769847778a6d84db6984ac81bcec6f8958d349f1fe57ae040ccc56a801
https://conda.anaconda.org/conda-forge/noarch/meson-1.12.0-pyhcf101f3_0.conda#6c158a48c43f0b2e03dd26521fe940991285fd149773aaeb5ead843b2bda92ca
https://conda.anaconda.org/conda-forge/linux-64/ncurses-6.6-hdb14827_1.conda#5d46557214ed184381dafe835b7c94a474a1c3b307a08a250b1ea4779b44ffb3
https://conda.anaconda.org/conda-forge/linux-64/ninja-1.13.2-h171cf75_0.conda#6f7d59dbec0a7b00bf5d103a4306e8886678b796ff2151b62452d4582b2a53fb
https://conda.anaconda.org/conda-forge/linux-64/openssl-3.6.3-h35e630c_1.conda#012096056b97abf1f68c46b7146bd2cbd68c1be762340b4f5dad4fbbe99177bc
https://conda.anaconda.org/conda-forge/noarch/packaging-26.3-pyhc364b38_0.conda#c432626b16768b8dab228bfb706f7060c2d462a21c516d240f68f2f902b5a044
https://conda.anaconda.org/conda-forge/linux-64/patchelf-0.17.2-h58526e2_0.conda#eb355ac225be2f698e19dba4dcab7cb0748225677a9799e9cc8e4cadc3cb738f
https://conda.anaconda.org/conda-forge/linux-64/pcre2-10.47-haa7fec5_0.conda#5e6f7d161356fefd981948bea5139c5aa0436767751a6930cb1ca801ebb113ff
https://conda.anaconda.org/conda-forge/noarch/pip-26.2.1-pyh145f28c_0.conda#0f7021cfb3ff454c91a5e28e1f5060906a52c6d1cde3f879a7d03ac33c28b1c3
https://conda.anaconda.org/conda-forge/linux-64/pixman-0.46.4-h54a6638_3.conda#829d8288764282de5a9f7b9169acb75cc7dc0b6c3fe2535cfe87dea3436bbc5d
https://conda.anaconda.org/conda-forge/linux-64/pkg-config-0.29.2-h7c397b8_1011.conda#ff8d0023722ef5600850074a9bbf418be4d2ec78edbf4d5db45d9f0331f248e4
https://conda.anaconda.org/conda-forge/noarch/pygments-2.20.0-pyhd8ed1ab_0.conda#cf70b2f5ad9ae472b71235e5c8a736c9316df3705746de419b59d442e8348e86
https://conda.anaconda.org/conda-forge/linux-64/python-3.13.15-hb101c97_101_cp313.conda#b7c23d7446502a267f341b27e6820d5e2d53e78c61e721f4af713168ee544cb2
https://conda.anaconda.org/conda-forge/noarch/python_abi-3.13-8_cp313.conda#210bffe7b121e651419cb196a2a63687b087497595c9be9d20ebe97dd06060a7
https://conda.anaconda.org/conda-forge/noarch/qemu.qmp-0.0.6-pyhcf101f3_0.conda#0380f50f3ba69b3f4a2c5097fbe21eaa36641c1a02b9c70ef1ac4bbeb95c4bac
https://conda.anaconda.org/conda-forge/linux-64/readline-8.3-h853b02a_0.conda#12ffde5a6f958e285aa22c191ca01bbd3d6e710aa852e00618fa6ddc59149002
https://conda.anaconda.org/conda-forge/noarch/setuptools-81.0.0-pyh332efcf_0.conda#6ecf738d5590bf228f09c4ecd1ea91d811f8e0bd9acdef341bc4d6c36beb13a3
https://conda.anaconda.org/conda-forge/noarch/sysroot_linux-64-2.28-h4ee821c_9.conda#c47299fe37aebb0fcf674b3be588e67e4afb86225be4b0d452c7eb75c086b851
https://conda.anaconda.org/conda-forge/linux-64/tk-8.6.13-noxft_hd70dff1_3.conda#43624eab22f5f29df7d6ffe914cf442f28fd559b55b290906255492826e636e8
https://conda.anaconda.org/conda-forge/noarch/tzdata-2026c-h151e31d_0.conda#b928c30ddcb0e3f544c6eade8352737e6e610e263276b90232db6a578ef899d8
https://conda.anaconda.org/conda-forge/noarch/wheel-0.46.3-pyhd8ed1ab_0.conda#d6cf2f0ebd5e09120c28ecba450556ce553752652d91795442f0e70f837126ae
https://conda.anaconda.org/conda-forge/linux-64/zlib-1.3.2-h25fd6f3_3.conda#16080a1c7724f7d25727cdc23c7658e0cec2db52448c1dc0c33467ee2c6e1c62
https://conda.anaconda.org/conda-forge/linux-64/zstd-1.5.7-hb78ec9c_7.conda#47d682b9f6d6ec9eb1a6e6c3e75ea6273e899e78fb7fc59f81d39745009fbc60
